
Microsoft Visual Studio Solution File, Format Version 12.00
# Visual Studio Version 17
VisualStudioVersion = 17.5.33424.131
MinimumVisualStudioVersion = 10.0.40219.1
Project("{FAE04EC0-301F-11D3-BF4B-00C04F79EFBC}") = "Selenium_Demo", "MyNunitTestProject\Selenium_Demo.csproj", "{5F342804-E4B6-4BD6-8799-168D949DFFB0}"
EndProject
Global
	GlobalSection(SolutionConfigurationPlatforms) = preSolution
		Debug|Any CPU = Debug|Any CPU
		Release|Any CPU = Release|Any CPU
	EndGlobalSection
	GlobalSection(ProjectConfigurationPlatforms) = postSolution
		{5F342804-E4B6-4BD6-8799-168D949DFFB0}.Debug|Any CPU.ActiveCfg = Debug|Any CPU
		{5F342804-E4B6-4BD6-8799-168D949DFFB0}.Debug|Any CPU.Build.0 = Debug|Any CPU
		{5F342804-E4B6-4BD6-8799-168D949DFFB0}.Release|Any CPU.ActiveCfg = Release|Any CPU
		{5F342804-E4B6-4BD6-8799-168D949DFFB0}.Release|Any CPU.Build.0 = Release|Any CPU
	EndGlobalSection
	GlobalSection(SolutionProperties) = preSolution
		HideSolutionNode = FALSE
	EndGlobalSection
	GlobalSection(ExtensibilityGlobals) = postSolution
		SolutionGuid = {A545CADC-31C8-45CC-B210-F20AAB6FF2EB}
	EndGlobalSection
EndGlobal
